
Microsoft Visual Studio Solution File, Format Version 12.00
# Visual Studio 15
VisualStudioVersion = 15.0.26124.0
MinimumVisualStudioVersion = 15.0.26124.0
Project("{2150E333-8FDC-42A3-9474-1A3956D46DE8}") = "src", "src", "{A51AFFBF-2A33-4455-8861-6B4CF4820AC6}"
EndProject
Project("{FAE04EC0-301F-11D3-BF4B-00C04F79EFBC}") = "PlayBall.GroupManagement.Web", "src\PlayBall.GroupManagement.Web\PlayBall.GroupManagement.Web.csproj", "{8B04B3FA-2985-4097-92FE-25DDF6A224FA}"
EndProject
Global
	GlobalSection(SolutionConfigurationPlatforms) = preSolution
		Debug|Any CPU = Debug|Any CPU
		Debug|x64 = Debug|x64
		Debug|x86 = Debug|x86
		Release|Any CPU = Release|Any CPU
		Release|x64 = Release|x64
		Release|x86 = Release|x86
	EndGlobalSection
	GlobalSection(SolutionProperties) = preSolution
		HideSolutionNode = FALSE
	EndGlobalSection
	GlobalSection(ProjectConfigurationPlatforms) = postSolution
		{8B04B3FA-2985-4097-92FE-25DDF6A224FA}.Debug|Any CPU.ActiveCfg = Debug|Any CPU
		{8B04B3FA-2985-4097-92FE-25DDF6A224FA}.Debug|Any CPU.Build.0 = Debug|Any CPU
		{8B04B3FA-2985-4097-92FE-25DDF6A224FA}.Debug|x64.ActiveCfg = Debug|Any CPU
		{8B04B3FA-2985-4097-92FE-25DDF6A224FA}.Debug|x64.Build.0 = Debug|Any CPU
		{8B04B3FA-2985-4097-92FE-25DDF6A224FA}.Debug|x86.ActiveCfg = Debug|Any CPU
		{8B04B3FA-2985-4097-92FE-25DDF6A224FA}.Debug|x86.Build.0 = Debug|Any CPU
		{8B04B3FA-2985-4097-92FE-25DDF6A224FA}.Release|Any CPU.ActiveCfg = Release|Any CPU
		{8B04B3FA-2985-4097-92FE-25DDF6A224FA}.Release|Any CPU.Build.0 = Release|Any CPU
		{8B04B3FA-2985-4097-92FE-25DDF6A224FA}.Release|x64.ActiveCfg = Release|Any CPU
		{8B04B3FA-2985-4097-92FE-25DDF6A224FA}.Release|x64.Build.0 = Release|Any CPU
		{8B04B3FA-2985-4097-92FE-25DDF6A224FA}.Release|x86.ActiveCfg = Release|Any CPU
		{8B04B3FA-2985-4097-92FE-25DDF6A224FA}.Release|x86.Build.0 = Release|Any CPU
	EndGlobalSection
	GlobalSection(NestedProjects) = preSolution
		{8B04B3FA-2985-4097-92FE-25DDF6A224FA} = {A51AFFBF-2A33-4455-8861-6B4CF4820AC6}
	EndGlobalSection
EndGlobal
